
Microsoft Visual Studio Solution File, Format Version 12.00
# Visual Studio 14
VisualStudioVersion = 14.0.23107.0
MinimumVisualStudioVersion = 10.0.40219.1
Project("{FAE04EC0-301F-11D3-BF4B-00C04F79EFBC}") = "BlogSystem.Models", "BlogSystem.Models\BlogSystem.Models.csproj", "{A8E2397C-F8F0-4E0A-A421-EF269ECF3522}"
EndProject
Project("{FAE04EC0-301F-11D3-BF4B-00C04F79EFBC}") = "BlogSystem.Data", "BlogSystem.Data\BlogSystem.Data.csproj", "{5C105B43-2F9E-46E5-8C23-3CE5F2007FA5}"
EndProject
Project("{FAE04EC0-301F-11D3-BF4B-00C04F79EFBC}") = "BlogSystem.Web", "BlogSystem.Web\BlogSystem.Web.csproj", "{2A4046AE-7DFE-453D-9B24-6CA8020F5899}"
EndProject
Project("{FAE04EC0-301F-11D3-BF4B-00C04F79EFBC}") = "BlogSystem.Tests", "BlogSystem.Tests\BlogSystem.Tests.csproj", "{3D1ACAD9-8D0B-458F-B8B8-CB50FD117DBF}"
EndProject
Global
	GlobalSection(SolutionConfigurationPlatforms) = preSolution
		Debug|Any CPU = Debug|Any CPU
		Release|Any CPU = Release|Any CPU
	EndGlobalSection
	GlobalSection(ProjectConfigurationPlatforms) = postSolution
		{A8E2397C-F8F0-4E0A-A421-EF269ECF3522}.Debug|Any CPU.ActiveCfg = Debug|Any CPU
		{A8E2397C-F8F0-4E0A-A421-EF269ECF3522}.Debug|Any CPU.Build.0 = Debug|Any CPU
		{A8E2397C-F8F0-4E0A-A421-EF269ECF3522}.Release|Any CPU.ActiveCfg = Release|Any CPU
		{A8E2397C-F8F0-4E0A-A421-EF269ECF3522}.Release|Any CPU.Build.0 = Release|Any CPU
		{5C105B43-2F9E-46E5-8C23-3CE5F2007FA5}.Debug|Any CPU.ActiveCfg = Debug|Any CPU
		{5C105B43-2F9E-46E5-8C23-3CE5F2007FA5}.Debug|Any CPU.Build.0 = Debug|Any CPU
		{5C105B43-2F9E-46E5-8C23-3CE5F2007FA5}.Release|Any CPU.ActiveCfg = Release|Any CPU
		{5C105B43-2F9E-46E5-8C23-3CE5F2007FA5}.Release|Any CPU.Build.0 = Release|Any CPU
		{2A4046AE-7DFE-453D-9B24-6CA8020F5899}.Debug|Any CPU.ActiveCfg = Debug|Any CPU
		{2A4046AE-7DFE-453D-9B24-6CA8020F5899}.Debug|Any CPU.Build.0 = Debug|Any CPU
		{2A4046AE-7DFE-453D-9B24-6CA8020F5899}.Release|Any CPU.ActiveCfg = Release|Any CPU
		{2A4046AE-7DFE-453D-9B24-6CA8020F5899}.Release|Any CPU.Build.0 = Release|Any CPU
		{3D1ACAD9-8D0B-458F-B8B8-CB50FD117DBF}.Debug|Any CPU.ActiveCfg = Debug|Any CPU
		{3D1ACAD9-8D0B-458F-B8B8-CB50FD117DBF}.Debug|Any CPU.Build.0 = Debug|Any CPU
		{3D1ACAD9-8D0B-458F-B8B8-CB50FD117DBF}.Release|Any CPU.ActiveCfg = Release|Any CPU
		{3D1ACAD9-8D0B-458F-B8B8-CB50FD117DBF}.Release|Any CPU.Build.0 = Release|Any CPU
	EndGlobalSection
	GlobalSection(SolutionProperties) = preSolution
		HideSolutionNode = FALSE
	EndGlobalSection
EndGlobal
